
Microsoft Visual Studio Solution File, Format Version 12.00
# Visual Studio Version 17
VisualStudioVersion = 17.11.35208.52
MinimumVisualStudioVersion = 10.0.40219.1
Project("{FAE04EC0-301F-11D3-BF4B-00C04F79EFBC}") = "API.Empresa", "API.Empresa\API.Empresa.csproj", "{51B14CBD-7261-4065-A392-0A66F4FCDCF7}"
EndProject
Global
	GlobalSection(SolutionConfigurationPlatforms) = preSolution
		Debug|Any CPU = Debug|Any CPU
		Release|Any CPU = Release|Any CPU
	EndGlobalSection
	GlobalSection(ProjectConfigurationPlatforms) = postSolution
		{51B14CBD-7261-4065-A392-0A66F4FCDCF7}.Debug|Any CPU.ActiveCfg = Debug|Any CPU
		{51B14CBD-7261-4065-A392-0A66F4FCDCF7}.Debug|Any CPU.Build.0 = Debug|Any CPU
		{51B14CBD-7261-4065-A392-0A66F4FCDCF7}.Release|Any CPU.ActiveCfg = Release|Any CPU
		{51B14CBD-7261-4065-A392-0A66F4FCDCF7}.Release|Any CPU.Build.0 = Release|Any CPU
	EndGlobalSection
	GlobalSection(SolutionProperties) = preSolution
		HideSolutionNode = FALSE
	EndGlobalSection
	GlobalSection(ExtensibilityGlobals) = postSolution
		SolutionGuid = {35F4F81C-3B5B-4D99-80FA-F13BFE621800}
	EndGlobalSection
EndGlobal
